
Microsoft Visual Studio Solution File, Format Version 12.00
# Visual Studio Version 17
VisualStudioVersion = 17.5.002.0
MinimumVisualStudioVersion = 10.0.40219.1
Project("{9A19103F-16F7-4668-BE54-9A1E7A4F7556}") = "RednitDev", "RednitDev.csproj", "{6229046C-70DD-4B4F-81FC-9F01E2499485}"
EndProject
Global
	GlobalSection(SolutionConfigurationPlatforms) = preSolution
		Debug|Any CPU = Debug|Any CPU
		Release|Any CPU = Release|Any CPU
	EndGlobalSection
	GlobalSection(ProjectConfigurationPlatforms) = postSolution
		{6229046C-70DD-4B4F-81FC-9F01E2499485}.Debug|Any CPU.ActiveCfg = Debug|Any CPU
		{6229046C-70DD-4B4F-81FC-9F01E2499485}.Debug|Any CPU.Build.0 = Debug|Any CPU
		{6229046C-70DD-4B4F-81FC-9F01E2499485}.Release|Any CPU.ActiveCfg = Release|Any CPU
		{6229046C-70DD-4B4F-81FC-9F01E2499485}.Release|Any CPU.Build.0 = Release|Any CPU
	EndGlobalSection
	GlobalSection(SolutionProperties) = preSolution
		HideSolutionNode = FALSE
	EndGlobalSection
	GlobalSection(ExtensibilityGlobals) = postSolution
		SolutionGuid = {50610450-E882-447D-8F7D-E20AA39162B2}
	EndGlobalSection
EndGlobal
